
Microsoft Visual Studio Solution File, Format Version 12.00
# Visual Studio 14
VisualStudioVersion = 14.0.25420.1
MinimumVisualStudioVersion = 10.0.40219.1
Project("{FAE04EC0-301F-11D3-BF4B-00C04F79EFBC}") = "SQLLiteTest", "SQLLiteTest\SQLLiteTest\SQLLiteTest.csproj", "{26C0E964-985C-4057-87DE-03FC77F9336B}"
EndProject
Project("{FAE04EC0-301F-11D3-BF4B-00C04F79EFBC}") = "SQLLiteTest.Droid", "SQLLiteTest\SQLLiteTest.Droid\SQLLiteTest.Droid.csproj", "{EC815CC2-75D1-4CAE-919D-5A165DBF1C44}"
EndProject
Project("{FAE04EC0-301F-11D3-BF4B-00C04F79EFBC}") = "SQLLiteTest.iOS", "SQLLiteTest\SQLLiteTest.iOS\SQLLiteTest.iOS.csproj", "{4F16EC5B-3DE6-41BD-98B2-7A00284FE8B5}"
EndProject
Project("{FAE04EC0-301F-11D3-BF4B-00C04F79EFBC}") = "SQLLiteTest.WinPhone", "SQLLiteTest\SQLLiteTest.WinPhone\SQLLiteTest.WinPhone.csproj", "{2CD4982D-F10C-4C22-91EB-85602CACF700}"
EndProject
Project("{FAE04EC0-301F-11D3-BF4B-00C04F79EFBC}") = "SQLLiteTest.UWP", "SQLLiteTest\SQLLiteTest.UWP\SQLLiteTest.UWP.csproj", "{6C8BA8EE-0C1A-4110-ABA7-D28F736761DA}"
EndProject
Project("{FAE04EC0-301F-11D3-BF4B-00C04F79EFBC}") = "SQLLiteTest.Windows", "SQLLiteTest\SQLLiteTest.Windows\SQLLiteTest.Windows.csproj", "{5BA3334D-9D06-463D-B815-C88901C992EE}"
EndProject
Global
	GlobalSection(SolutionConfigurationPlatforms) = preSolution
		Ad-Hoc|Any CPU = Ad-Hoc|Any CPU
		Ad-Hoc|ARM = Ad-Hoc|ARM
		Ad-Hoc|iPhone = Ad-Hoc|iPhone
		Ad-Hoc|iPhoneSimulator = Ad-Hoc|iPhoneSimulator
		Ad-Hoc|x64 = Ad-Hoc|x64
		Ad-Hoc|x86 = Ad-Hoc|x86
		AppStore|Any CPU = AppStore|Any CPU
		AppStore|ARM = AppStore|ARM
		AppStore|iPhone = AppStore|iPhone
		AppStore|iPhoneSimulator = AppStore|iPhoneSimulator
		AppStore|x64 = AppStore|x64
		AppStore|x86 = AppStore|x86
		Debug|Any CPU = Debug|Any CPU
		Debug|ARM = Debug|ARM
		Debug|iPhone = Debug|iPhone
		Debug|iPhoneSimulator = Debug|iPhoneSimulator
		Debug|x64 = Debug|x64
		Debug|x86 = Debug|x86
		Release|Any CPU = Release|Any CPU
		Release|ARM = Release|ARM
		Release|iPhone = Release|iPhone
		Release|iPhoneSimulator = Release|iPhoneSimulator
		Release|x64 = Release|x64
		Release|x86 = Release|x86
	EndGlobalSection
	GlobalSection(ProjectConfigurationPlatforms) = postSolution
		{26C0E964-985C-4057-87DE-03FC77F9336B}.Ad-Hoc|Any CPU.ActiveCfg = Release|Any CPU
		{26C0E964-985C-4057-87DE-03FC77F9336B}.Ad-Hoc|Any CPU.Build.0 = Release|Any CPU
		{26C0E964-985C-4057-87DE-03FC77F9336B}.Ad-Hoc|ARM.ActiveCfg = Release|Any CPU
		{26C0E964-985C-4057-87DE-03FC77F9336B}.Ad-Hoc|ARM.Build.0 = Release|Any CPU
		{26C0E964-985C-4057-87DE-03FC77F9336B}.Ad-Hoc|iPhone.ActiveCfg = Release|Any CPU
		{26C0E964-985C-4057-87DE-03FC77F9336B}.Ad-Hoc|iPhone.Build.0 = Release|Any CPU
		{26C0E964-985C-4057-87DE-03FC77F9336B}.Ad-Hoc|iPhoneSimulator.ActiveCfg = Release|Any CPU
		{26C0E964-985C-4057-87DE-03FC77F9336B}.Ad-Hoc|iPhoneSimulator.Build.0 = Release|Any CPU
		{26C0E964-985C-4057-87DE-03FC77F9336B}.Ad-Hoc|x64.ActiveCfg = Release|Any CPU
		{26C0E964-985C-4057-87DE-03FC77F9336B}.Ad-Hoc|x64.Build.0 = Release|Any CPU
		{26C0E964-985C-4057-87DE-03FC77F9336B}.Ad-Hoc|x86.ActiveCfg = Release|Any CPU
		{26C0E964-985C-4057-87DE-03FC77F9336B}.Ad-Hoc|x86.Build.0 = Release|Any CPU
		{26C0E964-985C-4057-87DE-03FC77F9336B}.AppStore|Any CPU.ActiveCfg = Release|Any CPU
		{26C0E964-985C-4057-87DE-03FC77F9336B}.AppStore|Any CPU.Build.0 = Release|Any CPU
		{26C0E964-985C-4057-87DE-03FC77F9336B}.AppStore|ARM.ActiveCfg = Release|Any CPU
		{26C0E964-985C-4057-87DE-03FC77F9336B}.AppStore|ARM.Build.0 = Release|Any CPU
		{26C0E964-985C-4057-87DE-03FC77F9336B}.AppStore|iPhone.ActiveCfg = Release|Any CPU
		{26C0E964-985C-4057-87DE-03FC77F9336B}.AppStore|iPhone.Build.0 = Release|Any CPU
		{26C0E964-985C-4057-87DE-03FC77F9336B}.AppStore|iPhoneSimulator.ActiveCfg = Release|Any CPU
		{26C0E964-985C-4057-87DE-03FC77F9336B}.AppStore|iPhoneSimulator.Build.0 = Release|Any CPU
		{26C0E964-985C-4057-87DE-03FC77F9336B}.AppStore|x64.ActiveCfg = Release|Any CPU
		{26C0E964-985C-4057-87DE-03FC77F9336B}.AppStore|x64.Build.0 = Release|Any CPU
		{26C0E964-985C-4057-87DE-03FC77F9336B}.AppStore|x86.ActiveCfg = Release|Any CPU
		{26C0E964-985C-4057-87DE-03FC77F9336B}.AppStore|x86.Build.0 = Release|Any CPU
		{26C0E964-985C-4057-87DE-03FC77F9336B}.Debug|Any CPU.ActiveCfg = Debug|Any CPU
		{26C0E964-985C-4057-87DE-03FC77F9336B}.Debug|Any CPU.Build.0 = Debug|Any CPU
		{26C0E964-985C-4057-87DE-03FC77F9336B}.Debug|ARM.ActiveCfg = Debug|Any CPU
		{26C0E964-985C-4057-87DE-03FC77F9336B}.Debug|ARM.Build.0 = Debug|Any CPU
		{26C0E964-985C-4057-87DE-03FC77F9336B}.Debug|iPhone.ActiveCfg = Debug|Any CPU
		{26C0E964-985C-4057-87DE-03FC77F9336B}.Debug|iPhone.Build.0 = Debug|Any CPU
		{26C0E964-985C-4057-87DE-03FC77F9336B}.Debug|iPhoneSimulator.ActiveCfg = Debug|Any CPU
		{26C0E964-985C-4057-87DE-03FC77F9336B}.Debug|iPhoneSimulator.Build.0 = Debug|Any CPU
		{26C0E964-985C-4057-87DE-03FC77F9336B}.Debug|x64.ActiveCfg = Debug|Any CPU
		{26C0E964-985C-4057-87DE-03FC77F9336B}.Debug|x64.Build.0 = Debug|Any CPU
		{26C0E964-985C-4057-87DE-03FC77F9336B}.Debug|x86.ActiveCfg = Debug|Any CPU
		{26C0E964-985C-4057-87DE-03FC77F9336B}.Debug|x86.Build.0 = Debug|Any CPU
		{26C0E964-985C-4057-87DE-03FC77F9336B}.Release|Any CPU.ActiveCfg = Release|Any CPU
		{26C0E964-985C-4057-87DE-03FC77F9336B}.Release|Any CPU.Build.0 = Release|Any CPU
		{26C0E964-985C-4057-87DE-03FC77F9336B}.Release|ARM.ActiveCfg = Release|Any CPU
		{26C0E964-985C-4057-87DE-03FC77F9336B}.Release|ARM.Build.0 = Release|Any CPU
		{26C0E964-985C-4057-87DE-03FC77F9336B}.Release|iPhone.ActiveCfg = Release|Any CPU
		{26C0E964-985C-4057-87DE-03FC77F9336B}.Release|iPhone.Build.0 = Release|Any CPU
		{26C0E964-985C-4057-87DE-03FC77F9336B}.Release|iPhoneSimulator.ActiveCfg = Release|Any CPU
		{26C0E964-985C-4057-87DE-03FC77F9336B}.Release|iPhoneSimulator.Build.0 = Release|Any CPU
		{26C0E964-985C-4057-87DE-03FC77F9336B}.Release|x64.ActiveCfg = Release|Any CPU
		{26C0E964-985C-4057-87DE-03FC77F9336B}.Release|x64.Build.0 = Release|Any CPU
		{26C0E964-985C-4057-87DE-03FC77F9336B}.Release|x86.ActiveCfg = Release|Any CPU
		{26C0E964-985C-4057-87DE-03FC77F9336B}.Release|x86.Build.0 = Release|Any CPU
		{EC815CC2-75D1-4CAE-919D-5A165DBF1C44}.Ad-Hoc|Any CPU.ActiveCfg = Release|Any CPU
		{EC815CC2-75D1-4CAE-919D-5A165DBF1C44}.Ad-Hoc|Any CPU.Build.0 = Release|Any CPU
		{EC815CC2-75D1-4CAE-919D-5A165DBF1C44}.Ad-Hoc|Any CPU.Deploy.0 = Release|Any CPU
		{EC815CC2-75D1-4CAE-919D-5A165DBF1C44}.Ad-Hoc|ARM.ActiveCfg = Release|Any CPU
		{EC815CC2-75D1-4CAE-919D-5A165DBF1C44}.Ad-Hoc|ARM.Build.0 = Release|Any CPU
		{EC815CC2-75D1-4CAE-919D-5A165DBF1C44}.Ad-Hoc|ARM.Deploy.0 = Release|Any CPU
		{EC815CC2-75D1-4CAE-919D-5A165DBF1C44}.Ad-Hoc|iPhone.ActiveCfg = Release|Any CPU
		{EC815CC2-75D1-4CAE-919D-5A165DBF1C44}.Ad-Hoc|iPhone.Build.0 = Release|Any CPU
		{EC815CC2-75D1-4CAE-919D-5A165DBF1C44}.Ad-Hoc|iPhone.Deploy.0 = Release|Any CPU
		{EC815CC2-75D1-4CAE-919D-5A165DBF1C44}.Ad-Hoc|iPhoneSimulator.ActiveCfg = Release|Any CPU
		{EC815CC2-75D1-4CAE-919D-5A165DBF1C44}.Ad-Hoc|iPhoneSimulator.Build.0 = Release|Any CPU
		{EC815CC2-75D1-4CAE-919D-5A165DBF1C44}.Ad-Hoc|iPhoneSimulator.Deploy.0 = Release|Any CPU
		{EC815CC2-75D1-4CAE-919D-5A165DBF1C44}.Ad-Hoc|x64.ActiveCfg = Release|Any CPU
		{EC815CC2-75D1-4CAE-919D-5A165DBF1C44}.Ad-Hoc|x64.Build.0 = Release|Any CPU
		{EC815CC2-75D1-4CAE-919D-5A165DBF1C44}.Ad-Hoc|x64.Deploy.0 = Release|Any CPU
		{EC815CC2-75D1-4CAE-919D-5A165DBF1C44}.Ad-Hoc|x86.ActiveCfg = Release|Any CPU
		{EC815CC2-75D1-4CAE-919D-5A165DBF1C44}.Ad-Hoc|x86.Build.0 = Release|Any CPU
		{EC815CC2-75D1-4CAE-919D-5A165DBF1C44}.Ad-Hoc|x86.Deploy.0 = Release|Any CPU
		{EC815CC2-75D1-4CAE-919D-5A165DBF1C44}.AppStore|Any CPU.ActiveCfg = Release|Any CPU
		{EC815CC2-75D1-4CAE-919D-5A165DBF1C44}.AppStore|Any CPU.Build.0 = Release|Any CPU
		{EC815CC2-75D1-4CAE-919D-5A165DBF1C44}.AppStore|Any CPU.Deploy.0 = Release|Any CPU
		{EC815CC2-75D1-4CAE-919D-5A165DBF1C44}.AppStore|ARM.ActiveCfg = Release|Any CPU
		{EC815CC2-75D1-4CAE-919D-5A165DBF1C44}.AppStore|ARM.Build.0 = Release|Any CPU
		{EC815CC2-75D1-4CAE-919D-5A165DBF1C44}.AppStore|ARM.Deploy.0 = Release|Any CPU
		{EC815CC2-75D1-4CAE-919D-5A165DBF1C44}.AppStore|iPhone.ActiveCfg = Release|Any CPU
		{EC815CC2-75D1-4CAE-919D-5A165DBF1C44}.AppStore|iPhone.Build.0 = Release|Any CPU
		{EC815CC2-75D1-4CAE-919D-5A165DBF1C44}.AppStore|iPhone.Deploy.0 = Release|Any CPU
		{EC815CC2-75D1-4CAE-919D-5A165DBF1C44}.AppStore|iPhoneSimulator.ActiveCfg = Release|Any CPU
		{EC815CC2-75D1-4CAE-919D-5A165DBF1C44}.AppStore|iPhoneSimulator.Build.0 = Release|Any CPU
		{EC815CC2-75D1-4CAE-919D-5A165DBF1C44}.AppStore|iPhoneSimulator.Deploy.0 = Release|Any CPU
		{EC815CC2-75D1-4CAE-919D-5A165DBF1C44}.AppStore|x64.ActiveCfg = Release|Any CPU
		{EC815CC2-75D1-4CAE-919D-5A165DBF1C44}.AppStore|x64.Build.0 = Release|Any CPU
		{EC815CC2-75D1-4CAE-919D-5A165DBF1C44}.AppStore|x64.Deploy.0 = Release|Any CPU
		{EC815CC2-75D1-4CAE-919D-5A165DBF1C44}.AppStore|x86.ActiveCfg = Release|Any CPU
		{EC815CC2-75D1-4CAE-919D-5A165DBF1C44}.AppStore|x86.Build.0 = Release|Any CPU
		{EC815CC2-75D1-4CAE-919D-5A165DBF1C44}.AppStore|x86.Deploy.0 = Release|Any CPU
		{EC815CC2-75D1-4CAE-919D-5A165DBF1C44}.Debug|Any CPU.ActiveCfg = Debug|Any CPU
		{EC815CC2-75D1-4CAE-919D-5A165DBF1C44}.Debug|Any CPU.Build.0 = Debug|Any CPU
		{EC815CC2-75D1-4CAE-919D-5A165DBF1C44}.Debug|Any CPU.Deploy.0 = Debug|Any CPU
		{EC815CC2-75D1-4CAE-919D-5A165DBF1C44}.Debug|ARM.ActiveCfg = Debug|Any CPU
		{EC815CC2-75D1-4CAE-919D-5A165DBF1C44}.Debug|ARM.Build.0 = Debug|Any CPU
		{EC815CC2-75D1-4CAE-919D-5A165DBF1C44}.Debug|ARM.Deploy.0 = Debug|Any CPU
		{EC815CC2-75D1-4CAE-919D-5A165DBF1C44}.Debug|iPhone.ActiveCfg = Debug|Any CPU
		{EC815CC2-75D1-4CAE-919D-5A165DBF1C44}.Debug|iPhone.Build.0 = Debug|Any CPU
		{EC815CC2-75D1-4CAE-919D-5A165DBF1C44}.Debug|iPhone.Deploy.0 = Debug|Any CPU
		{EC815CC2-75D1-4CAE-919D-5A165DBF1C44}.Debug|iPhoneSimulator.ActiveCfg = Debug|Any CPU
		{EC815CC2-75D1-4CAE-919D-5A165DBF1C44}.Debug|iPhoneSimulator.Build.0 = Debug|Any CPU
		{EC815CC2-75D1-4CAE-919D-5A165DBF1C44}.Debug|iPhoneSimulator.Deploy.0 = Debug|Any CPU
		{EC815CC2-75D1-4CAE-919D-5A165DBF1C44}.Debug|x64.ActiveCfg = Debug|Any CPU
		{EC815CC2-75D1-4CAE-919D-5A165DBF1C44}.Debug|x64.Build.0 = Debug|Any CPU
		{EC815CC2-75D1-4CAE-919D-5A165DBF1C44}.Debug|x64.Deploy.0 = Debug|Any CPU
		{EC815CC2-75D1-4CAE-919D-5A165DBF1C44}.Debug|x86.ActiveCfg = Debug|Any CPU
		{EC815CC2-75D1-4CAE-919D-5A165DBF1C44}.Debug|x86.Build.0 = Debug|Any CPU
		{EC815CC2-75D1-4CAE-919D-5A165DBF1C44}.Debug|x86.Deploy.0 = Debug|Any CPU
		{EC815CC2-75D1-4CAE-919D-5A165DBF1C44}.Release|Any CPU.ActiveCfg = Release|Any CPU
		{EC815CC2-75D1-4CAE-919D-5A165DBF1C44}.Release|Any CPU.Build.0 = Release|Any CPU
		{EC815CC2-75D1-4CAE-919D-5A165DBF1C44}.Release|Any CPU.Deploy.0 = Release|Any CPU
		{EC815CC2-75D1-4CAE-919D-5A165DBF1C44}.Release|ARM.ActiveCfg = Release|Any CPU
		{EC815CC2-75D1-4CAE-919D-5A165DBF1C44}.Release|ARM.Build.0 = Release|Any CPU
		{EC815CC2-75D1-4CAE-919D-5A165DBF1C44}.Release|ARM.Deploy.0 = Release|Any CPU
		{EC815CC2-75D1-4CAE-919D-5A165DBF1C44}.Release|iPhone.ActiveCfg = Release|Any CPU
		{EC815CC2-75D1-4CAE-919D-5A165DBF1C44}.Release|iPhone.Build.0 = Release|Any CPU
		{EC815CC2-75D1-4CAE-919D-5A165DBF1C44}.Release|iPhone.Deploy.0 = Release|Any CPU
		{EC815CC2-75D1-4CAE-919D-5A165DBF1C44}.Release|iPhoneSimulator.ActiveCfg = Release|Any CPU
		{EC815CC2-75D1-4CAE-919D-5A165DBF1C44}.Release|iPhoneSimulator.Build.0 = Release|Any CPU
		{EC815CC2-75D1-4CAE-919D-5A165DBF1C44}.Release|iPhoneSimulator.Deploy.0 = Release|Any CPU
		{EC815CC2-75D1-4CAE-919D-5A165DBF1C44}.Release|x64.ActiveCfg = Release|Any CPU
		{EC815CC2-75D1-4CAE-919D-5A165DBF1C44}.Release|x64.Build.0 = Release|Any CPU
		{EC815CC2-75D1-4CAE-919D-5A165DBF1C44}.Release|x64.Deploy.0 = Release|Any CPU
		{EC815CC2-75D1-4CAE-919D-5A165DBF1C44}.Release|x86.ActiveCfg = Release|Any CPU
		{EC815CC2-75D1-4CAE-919D-5A165DBF1C44}.Release|x86.Build.0 = Release|Any CPU
		{EC815CC2-75D1-4CAE-919D-5A165DBF1C44}.Release|x86.Deploy.0 = Release|Any CPU
		{4F16EC5B-3DE6-41BD-98B2-7A00284FE8B5}.Ad-Hoc|Any CPU.ActiveCfg = Ad-Hoc|iPhone
		{4F16EC5B-3DE6-41BD-98B2-7A00284FE8B5}.Ad-Hoc|ARM.ActiveCfg = Ad-Hoc|iPhone
		{4F16EC5B-3DE6-41BD-98B2-7A00284FE8B5}.Ad-Hoc|iPhone.ActiveCfg = Ad-Hoc|iPhone
		{4F16EC5B-3DE6-41BD-98B2-7A00284FE8B5}.Ad-Hoc|iPhone.Build.0 = Ad-Hoc|iPhone
		{4F16EC5B-3DE6-41BD-98B2-7A00284FE8B5}.Ad-Hoc|iPhoneSimulator.ActiveCfg = Ad-Hoc|iPhoneSimulator
		{4F16EC5B-3DE6-41BD-98B2-7A00284FE8B5}.Ad-Hoc|iPhoneSimulator.Build.0 = Ad-Hoc|iPhoneSimulator
		{4F16EC5B-3DE6-41BD-98B2-7A00284FE8B5}.Ad-Hoc|x64.ActiveCfg = Ad-Hoc|iPhone
		{4F16EC5B-3DE6-41BD-98B2-7A00284FE8B5}.Ad-Hoc|x86.ActiveCfg = Ad-Hoc|iPhone
		{4F16EC5B-3DE6-41BD-98B2-7A00284FE8B5}.AppStore|Any CPU.ActiveCfg = AppStore|iPhone
		{4F16EC5B-3DE6-41BD-98B2-7A00284FE8B5}.AppStore|ARM.ActiveCfg = AppStore|iPhone
		{4F16EC5B-3DE6-41BD-98B2-7A00284FE8B5}.AppStore|iPhone.ActiveCfg = AppStore|iPhone
		{4F16EC5B-3DE6-41BD-98B2-7A00284FE8B5}.AppStore|iPhone.Build.0 = AppStore|iPhone
		{4F16EC5B-3DE6-41BD-98B2-7A00284FE8B5}.AppStore|iPhoneSimulator.ActiveCfg = AppStore|iPhoneSimulator
		{4F16EC5B-3DE6-41BD-98B2-7A00284FE8B5}.AppStore|iPhoneSimulator.Build.0 = AppStore|iPhoneSimulator
		{4F16EC5B-3DE6-41BD-98B2-7A00284FE8B5}.AppStore|x64.ActiveCfg = AppStore|iPhone
		{4F16EC5B-3DE6-41BD-98B2-7A00284FE8B5}.AppStore|x86.ActiveCfg = AppStore|iPhone
		{4F16EC5B-3DE6-41BD-98B2-7A00284FE8B5}.Debug|Any CPU.ActiveCfg = Debug|iPhone
		{4F16EC5B-3DE6-41BD-98B2-7A00284FE8B5}.Debug|ARM.ActiveCfg = Debug|iPhone
		{4F16EC5B-3DE6-41BD-98B2-7A00284FE8B5}.Debug|iPhone.ActiveCfg = Debug|iPhone
		{4F16EC5B-3DE6-41BD-98B2-7A00284FE8B5}.Debug|iPhone.Build.0 = Debug|iPhone
		{4F16EC5B-3DE6-41BD-98B2-7A00284FE8B5}.Debug|iPhoneSimulator.ActiveCfg = Debug|iPhoneSimulator
		{4F16EC5B-3DE6-41BD-98B2-7A00284FE8B5}.Debug|iPhoneSimulator.Build.0 = Debug|iPhoneSimulator
		{4F16EC5B-3DE6-41BD-98B2-7A00284FE8B5}.Debug|x64.ActiveCfg = Debug|iPhone
		{4F16EC5B-3DE6-41BD-98B2-7A00284FE8B5}.Debug|x86.ActiveCfg = Debug|iPhone
		{4F16EC5B-3DE6-41BD-98B2-7A00284FE8B5}.Release|Any CPU.ActiveCfg = Release|iPhone
		{4F16EC5B-3DE6-41BD-98B2-7A00284FE8B5}.Release|ARM.ActiveCfg = Release|iPhone
		{4F16EC5B-3DE6-41BD-98B2-7A00284FE8B5}.Release|iPhone.ActiveCfg = Release|iPhone
		{4F16EC5B-3DE6-41BD-98B2-7A00284FE8B5}.Release|iPhone.Build.0 = Release|iPhone
		{4F16EC5B-3DE6-41BD-98B2-7A00284FE8B5}.Release|iPhoneSimulator.ActiveCfg = Release|iPhoneSimulator
		{4F16EC5B-3DE6-41BD-98B2-7A00284FE8B5}.Release|iPhoneSimulator.Build.0 = Release|iPhoneSimulator
		{4F16EC5B-3DE6-41BD-98B2-7A00284FE8B5}.Release|x64.ActiveCfg = Release|iPhone
		{4F16EC5B-3DE6-41BD-98B2-7A00284FE8B5}.Release|x86.ActiveCfg = Release|iPhone
		{2CD4982D-F10C-4C22-91EB-85602CACF700}.Ad-Hoc|Any CPU.ActiveCfg = Release|Any CPU
		{2CD4982D-F10C-4C22-91EB-85602CACF700}.Ad-Hoc|Any CPU.Build.0 = Release|Any CPU
		{2CD4982D-F10C-4C22-91EB-85602CACF700}.Ad-Hoc|Any CPU.Deploy.0 = Release|Any CPU
		{2CD4982D-F10C-4C22-91EB-85602CACF700}.Ad-Hoc|ARM.ActiveCfg = Release|ARM
		{2CD4982D-F10C-4C22-91EB-85602CACF700}.Ad-Hoc|ARM.Build.0 = Release|ARM
		{2CD4982D-F10C-4C22-91EB-85602CACF700}.Ad-Hoc|ARM.Deploy.0 = Release|ARM
		{2CD4982D-F10C-4C22-91EB-85602CACF700}.Ad-Hoc|iPhone.ActiveCfg = Release|Any CPU
		{2CD4982D-F10C-4C22-91EB-85602CACF700}.Ad-Hoc|iPhone.Build.0 = Release|Any CPU
		{2CD4982D-F10C-4C22-91EB-85602CACF700}.Ad-Hoc|iPhone.Deploy.0 = Release|Any CPU
		{2CD4982D-F10C-4C22-91EB-85602CACF700}.Ad-Hoc|iPhoneSimulator.ActiveCfg = Release|Any CPU
		{2CD4982D-F10C-4C22-91EB-85602CACF700}.Ad-Hoc|iPhoneSimulator.Build.0 = Release|Any CPU
		{2CD4982D-F10C-4C22-91EB-85602CACF700}.Ad-Hoc|iPhoneSimulator.Deploy.0 = Release|Any CPU
		{2CD4982D-F10C-4C22-91EB-85602CACF700}.Ad-Hoc|x64.ActiveCfg = Release|Any CPU
		{2CD4982D-F10C-4C22-91EB-85602CACF700}.Ad-Hoc|x64.Build.0 = Release|Any CPU
		{2CD4982D-F10C-4C22-91EB-85602CACF700}.Ad-Hoc|x64.Deploy.0 = Release|Any CPU
		{2CD4982D-F10C-4C22-91EB-85602CACF700}.Ad-Hoc|x86.ActiveCfg = Release|x86
		{2CD4982D-F10C-4C22-91EB-85602CACF700}.Ad-Hoc|x86.Build.0 = Release|x86
		{2CD4982D-F10C-4C22-91EB-85602CACF700}.Ad-Hoc|x86.Deploy.0 = Release|x86
		{2CD4982D-F10C-4C22-91EB-85602CACF700}.AppStore|Any CPU.ActiveCfg = Release|Any CPU
		{2CD4982D-F10C-4C22-91EB-85602CACF700}.AppStore|Any CPU.Build.0 = Release|Any CPU
		{2CD4982D-F10C-4C22-91EB-85602CACF700}.AppStore|Any CPU.Deploy.0 = Release|Any CPU
		{2CD4982D-F10C-4C22-91EB-85602CACF700}.AppStore|ARM.ActiveCfg = Release|ARM
		{2CD4982D-F10C-4C22-91EB-85602CACF700}.AppStore|ARM.Build.0 = Release|ARM
		{2CD4982D-F10C-4C22-91EB-85602CACF700}.AppStore|ARM.Deploy.0 = Release|ARM
		{2CD4982D-F10C-4C22-91EB-85602CACF700}.AppStore|iPhone.ActiveCfg = Release|Any CPU
		{2CD4982D-F10C-4C22-91EB-85602CACF700}.AppStore|iPhone.Build.0 = Release|Any CPU
		{2CD4982D-F10C-4C22-91EB-85602CACF700}.AppStore|iPhone.Deploy.0 = Release|Any CPU
		{2CD4982D-F10C-4C22-91EB-85602CACF700}.AppStore|iPhoneSimulator.ActiveCfg = Release|Any CPU
		{2CD4982D-F10C-4C22-91EB-85602CACF700}.AppStore|iPhoneSimulator.Build.0 = Release|Any CPU
		{2CD4982D-F10C-4C22-91EB-85602CACF700}.AppStore|iPhoneSimulator.Deploy.0 = Release|Any CPU
		{2CD4982D-F10C-4C22-91EB-85602CACF700}.AppStore|x64.ActiveCfg = Release|Any CPU
		{2CD4982D-F10C-4C22-91EB-85602CACF700}.AppStore|x64.Build.0 = Release|Any CPU
		{2CD4982D-F10C-4C22-91EB-85602CACF700}.AppStore|x64.Deploy.0 = Release|Any CPU
		{2CD4982D-F10C-4C22-91EB-85602CACF700}.AppStore|x86.ActiveCfg = Release|x86
		{2CD4982D-F10C-4C22-91EB-85602CACF700}.AppStore|x86.Build.0 = Release|x86
		{2CD4982D-F10C-4C22-91EB-85602CACF700}.AppStore|x86.Deploy.0 = Release|x86
		{2CD4982D-F10C-4C22-91EB-85602CACF700}.Debug|Any CPU.ActiveCfg = Debug|Any CPU
		{2CD4982D-F10C-4C22-91EB-85602CACF700}.Debug|Any CPU.Build.0 = Debug|Any CPU
		{2CD4982D-F10C-4C22-91EB-85602CACF700}.Debug|Any CPU.Deploy.0 = Debug|Any CPU
		{2CD4982D-F10C-4C22-91EB-85602CACF700}.Debug|ARM.ActiveCfg = Debug|ARM
		{2CD4982D-F10C-4C22-91EB-85602CACF700}.Debug|ARM.Build.0 = Debug|ARM
		{2CD4982D-F10C-4C22-91EB-85602CACF700}.Debug|ARM.Deploy.0 = Debug|ARM
		{2CD4982D-F10C-4C22-91EB-85602CACF700}.Debug|iPhone.ActiveCfg = Debug|Any CPU
		{2CD4982D-F10C-4C22-91EB-85602CACF700}.Debug|iPhone.Build.0 = Debug|Any CPU
		{2CD4982D-F10C-4C22-91EB-85602CACF700}.Debug|iPhone.Deploy.0 = Debug|Any CPU
		{2CD4982D-F10C-4C22-91EB-85602CACF700}.Debug|iPhoneSimulator.ActiveCfg = Debug|Any CPU
		{2CD4982D-F10C-4C22-91EB-85602CACF700}.Debug|iPhoneSimulator.Build.0 = Debug|Any CPU
		{2CD4982D-F10C-4C22-91EB-85602CACF700}.Debug|iPhoneSimulator.Deploy.0 = Debug|Any CPU
		{2CD4982D-F10C-4C22-91EB-85602CACF700}.Debug|x64.ActiveCfg = Debug|Any CPU
		{2CD4982D-F10C-4C22-91EB-85602CACF700}.Debug|x64.Build.0 = Debug|Any CPU
		{2CD4982D-F10C-4C22-91EB-85602CACF700}.Debug|x64.Deploy.0 = Debug|Any CPU
		{2CD4982D-F10C-4C22-91EB-85602CACF700}.Debug|x86.ActiveCfg = Debug|x86
		{2CD4982D-F10C-4C22-91EB-85602CACF700}.Debug|x86.Build.0 = Debug|x86
		{2CD4982D-F10C-4C22-91EB-85602CACF700}.Debug|x86.Deploy.0 = Debug|x86
		{2CD4982D-F10C-4C22-91EB-85602CACF700}.Release|Any CPU.ActiveCfg = Release|Any CPU
		{2CD4982D-F10C-4C22-91EB-85602CACF700}.Release|Any CPU.Build.0 = Release|Any CPU
		{2CD4982D-F10C-4C22-91EB-85602CACF700}.Release|Any CPU.Deploy.0 = Release|Any CPU
		{2CD4982D-F10C-4C22-91EB-85602CACF700}.Release|ARM.ActiveCfg = Release|ARM
		{2CD4982D-F10C-4C22-91EB-85602CACF700}.Release|ARM.Build.0 = Release|ARM
		{2CD4982D-F10C-4C22-91EB-85602CACF700}.Release|ARM.Deploy.0 = Release|ARM
		{2CD4982D-F10C-4C22-91EB-85602CACF700}.Release|iPhone.ActiveCfg = Release|Any CPU
		{2CD4982D-F10C-4C22-91EB-85602CACF700}.Release|iPhone.Build.0 = Release|Any CPU
		{2CD4982D-F10C-4C22-91EB-85602CACF700}.Release|iPhone.Deploy.0 = Release|Any CPU
		{2CD4982D-F10C-4C22-91EB-85602CACF700}.Release|iPhoneSimulator.ActiveCfg = Release|Any CPU
		{2CD4982D-F10C-4C22-91EB-85602CACF700}.Release|iPhoneSimulator.Build.0 = Release|Any CPU
		{2CD4982D-F10C-4C22-91EB-85602CACF700}.Release|iPhoneSimulator.Deploy.0 = Release|Any CPU
		{2CD4982D-F10C-4C22-91EB-85602CACF700}.Release|x64.ActiveCfg = Release|Any CPU
		{2CD4982D-F10C-4C22-91EB-85602CACF700}.Release|x64.Build.0 = Release|Any CPU
		{2CD4982D-F10C-4C22-91EB-85602CACF700}.Release|x64.Deploy.0 = Release|Any CPU
		{2CD4982D-F10C-4C22-91EB-85602CACF700}.Release|x86.ActiveCfg = Release|x86
		{2CD4982D-F10C-4C22-91EB-85602CACF700}.Release|x86.Build.0 = Release|x86
		{2CD4982D-F10C-4C22-91EB-85602CACF700}.Release|x86.Deploy.0 = Release|x86
		{6C8BA8EE-0C1A-4110-ABA7-D28F736761DA}.Ad-Hoc|Any CPU.ActiveCfg = Release|x86
		{6C8BA8EE-0C1A-4110-ABA7-D28F736761DA}.Ad-Hoc|Any CPU.Build.0 = Release|x86
		{6C8BA8EE-0C1A-4110-ABA7-D28F736761DA}.Ad-Hoc|Any CPU.Deploy.0 = Release|x86
		{6C8BA8EE-0C1A-4110-ABA7-D28F736761DA}.Ad-Hoc|ARM.ActiveCfg = Release|ARM
		{6C8BA8EE-0C1A-4110-ABA7-D28F736761DA}.Ad-Hoc|ARM.Build.0 = Release|ARM
		{6C8BA8EE-0C1A-4110-ABA7-D28F736761DA}.Ad-Hoc|ARM.Deploy.0 = Release|ARM
		{6C8BA8EE-0C1A-4110-ABA7-D28F736761DA}.Ad-Hoc|iPhone.ActiveCfg = Release|x86
		{6C8BA8EE-0C1A-4110-ABA7-D28F736761DA}.Ad-Hoc|iPhone.Build.0 = Release|x86
		{6C8BA8EE-0C1A-4110-ABA7-D28F736761DA}.Ad-Hoc|iPhone.Deploy.0 = Release|x86
		{6C8BA8EE-0C1A-4110-ABA7-D28F736761DA}.Ad-Hoc|iPhoneSimulator.ActiveCfg = Release|x86
		{6C8BA8EE-0C1A-4110-ABA7-D28F736761DA}.Ad-Hoc|iPhoneSimulator.Build.0 = Release|x86
		{6C8BA8EE-0C1A-4110-ABA7-D28F736761DA}.Ad-Hoc|iPhoneSimulator.Deploy.0 = Release|x86
		{6C8BA8EE-0C1A-4110-ABA7-D28F736761DA}.Ad-Hoc|x64.ActiveCfg = Release|x64
		{6C8BA8EE-0C1A-4110-ABA7-D28F736761DA}.Ad-Hoc|x64.Build.0 = Release|x64
		{6C8BA8EE-0C1A-4110-ABA7-D28F736761DA}.Ad-Hoc|x64.Deploy.0 = Release|x64
		{6C8BA8EE-0C1A-4110-ABA7-D28F736761DA}.Ad-Hoc|x86.ActiveCfg = Release|x86
		{6C8BA8EE-0C1A-4110-ABA7-D28F736761DA}.Ad-Hoc|x86.Build.0 = Release|x86
		{6C8BA8EE-0C1A-4110-ABA7-D28F736761DA}.Ad-Hoc|x86.Deploy.0 = Release|x86
		{6C8BA8EE-0C1A-4110-ABA7-D28F736761DA}.AppStore|Any CPU.ActiveCfg = Release|x86
		{6C8BA8EE-0C1A-4110-ABA7-D28F736761DA}.AppStore|Any CPU.Build.0 = Release|x86
		{6C8BA8EE-0C1A-4110-ABA7-D28F736761DA}.AppStore|Any CPU.Deploy.0 = Release|x86
		{6C8BA8EE-0C1A-4110-ABA7-D28F736761DA}.AppStore|ARM.ActiveCfg = Release|ARM
		{6C8BA8EE-0C1A-4110-ABA7-D28F736761DA}.AppStore|ARM.Build.0 = Release|ARM
		{6C8BA8EE-0C1A-4110-ABA7-D28F736761DA}.AppStore|ARM.Deploy.0 = Release|ARM
		{6C8BA8EE-0C1A-4110-ABA7-D28F736761DA}.AppStore|iPhone.ActiveCfg = Release|x86
		{6C8BA8EE-0C1A-4110-ABA7-D28F736761DA}.AppStore|iPhone.Build.0 = Release|x86
		{6C8BA8EE-0C1A-4110-ABA7-D28F736761DA}.AppStore|iPhone.Deploy.0 = Release|x86
		{6C8BA8EE-0C1A-4110-ABA7-D28F736761DA}.AppStore|iPhoneSimulator.ActiveCfg = Release|x86
		{6C8BA8EE-0C1A-4110-ABA7-D28F736761DA}.AppStore|iPhoneSimulator.Build.0 = Release|x86
		{6C8BA8EE-0C1A-4110-ABA7-D28F736761DA}.AppStore|iPhoneSimulator.Deploy.0 = Release|x86
		{6C8BA8EE-0C1A-4110-ABA7-D28F736761DA}.AppStore|x64.ActiveCfg = Release|x64
		{6C8BA8EE-0C1A-4110-ABA7-D28F736761DA}.AppStore|x64.Build.0 = Release|x64
		{6C8BA8EE-0C1A-4110-ABA7-D28F736761DA}.AppStore|x64.Deploy.0 = Release|x64
		{6C8BA8EE-0C1A-4110-ABA7-D28F736761DA}.AppStore|x86.ActiveCfg = Release|x86
		{6C8BA8EE-0C1A-4110-ABA7-D28F736761DA}.AppStore|x86.Build.0 = Release|x86
		{6C8BA8EE-0C1A-4110-ABA7-D28F736761DA}.AppStore|x86.Deploy.0 = Release|x86
		{6C8BA8EE-0C1A-4110-ABA7-D28F736761DA}.Debug|Any CPU.ActiveCfg = Debug|x86
		{6C8BA8EE-0C1A-4110-ABA7-D28F736761DA}.Debug|ARM.ActiveCfg = Debug|ARM
		{6C8BA8EE-0C1A-4110-ABA7-D28F736761DA}.Debug|ARM.Build.0 = Debug|ARM
		{6C8BA8EE-0C1A-4110-ABA7-D28F736761DA}.Debug|ARM.Deploy.0 = Debug|ARM
		{6C8BA8EE-0C1A-4110-ABA7-D28F736761DA}.Debug|iPhone.ActiveCfg = Debug|x86
		{6C8BA8EE-0C1A-4110-ABA7-D28F736761DA}.Debug|iPhoneSimulator.ActiveCfg = Debug|x86
		{6C8BA8EE-0C1A-4110-ABA7-D28F736761DA}.Debug|x64.ActiveCfg = Debug|x64
		{6C8BA8EE-0C1A-4110-ABA7-D28F736761DA}.Debug|x64.Build.0 = Debug|x64
		{6C8BA8EE-0C1A-4110-ABA7-D28F736761DA}.Debug|x64.Deploy.0 = Debug|x64
		{6C8BA8EE-0C1A-4110-ABA7-D28F736761DA}.Debug|x86.ActiveCfg = Debug|x86
		{6C8BA8EE-0C1A-4110-ABA7-D28F736761DA}.Debug|x86.Build.0 = Debug|x86
		{6C8BA8EE-0C1A-4110-ABA7-D28F736761DA}.Debug|x86.Deploy.0 = Debug|x86
		{6C8BA8EE-0C1A-4110-ABA7-D28F736761DA}.Release|Any CPU.ActiveCfg = Release|x86
		{6C8BA8EE-0C1A-4110-ABA7-D28F736761DA}.Release|ARM.ActiveCfg = Release|ARM
		{6C8BA8EE-0C1A-4110-ABA7-D28F736761DA}.Release|ARM.Build.0 = Release|ARM
		{6C8BA8EE-0C1A-4110-ABA7-D28F736761DA}.Release|ARM.Deploy.0 = Release|ARM
		{6C8BA8EE-0C1A-4110-ABA7-D28F736761DA}.Release|iPhone.ActiveCfg = Release|x86
		{6C8BA8EE-0C1A-4110-ABA7-D28F736761DA}.Release|iPhoneSimulator.ActiveCfg = Release|x86
		{6C8BA8EE-0C1A-4110-ABA7-D28F736761DA}.Release|x64.ActiveCfg = Release|x64
		{6C8BA8EE-0C1A-4110-ABA7-D28F736761DA}.Release|x64.Build.0 = Release|x64
		{6C8BA8EE-0C1A-4110-ABA7-D28F736761DA}.Release|x64.Deploy.0 = Release|x64
		{6C8BA8EE-0C1A-4110-ABA7-D28F736761DA}.Release|x86.ActiveCfg = Release|x86
		{6C8BA8EE-0C1A-4110-ABA7-D28F736761DA}.Release|x86.Build.0 = Release|x86
		{6C8BA8EE-0C1A-4110-ABA7-D28F736761DA}.Release|x86.Deploy.0 = Release|x86
		{5BA3334D-9D06-463D-B815-C88901C992EE}.Ad-Hoc|Any CPU.ActiveCfg = Release|Any CPU
		{5BA3334D-9D06-463D-B815-C88901C992EE}.Ad-Hoc|Any CPU.Build.0 = Release|Any CPU
		{5BA3334D-9D06-463D-B815-C88901C992EE}.Ad-Hoc|Any CPU.Deploy.0 = Release|Any CPU
		{5BA3334D-9D06-463D-B815-C88901C992EE}.Ad-Hoc|ARM.ActiveCfg = Release|ARM
		{5BA3334D-9D06-463D-B815-C88901C992EE}.Ad-Hoc|ARM.Build.0 = Release|ARM
		{5BA3334D-9D06-463D-B815-C88901C992EE}.Ad-Hoc|ARM.Deploy.0 = Release|ARM
		{5BA3334D-9D06-463D-B815-C88901C992EE}.Ad-Hoc|iPhone.ActiveCfg = Release|Any CPU
		{5BA3334D-9D06-463D-B815-C88901C992EE}.Ad-Hoc|iPhone.Build.0 = Release|Any CPU
		{5BA3334D-9D06-463D-B815-C88901C992EE}.Ad-Hoc|iPhone.Deploy.0 = Release|Any CPU
		{5BA3334D-9D06-463D-B815-C88901C992EE}.Ad-Hoc|iPhoneSimulator.ActiveCfg = Release|Any CPU
		{5BA3334D-9D06-463D-B815-C88901C992EE}.Ad-Hoc|iPhoneSimulator.Build.0 = Release|Any CPU
		{5BA3334D-9D06-463D-B815-C88901C992EE}.Ad-Hoc|iPhoneSimulator.Deploy.0 = Release|Any CPU
		{5BA3334D-9D06-463D-B815-C88901C992EE}.Ad-Hoc|x64.ActiveCfg = Release|x64
		{5BA3334D-9D06-463D-B815-C88901C992EE}.Ad-Hoc|x64.Build.0 = Release|x64
		{5BA3334D-9D06-463D-B815-C88901C992EE}.Ad-Hoc|x64.Deploy.0 = Release|x64
		{5BA3334D-9D06-463D-B815-C88901C992EE}.Ad-Hoc|x86.ActiveCfg = Release|x86
		{5BA3334D-9D06-463D-B815-C88901C992EE}.Ad-Hoc|x86.Build.0 = Release|x86
		{5BA3334D-9D06-463D-B815-C88901C992EE}.Ad-Hoc|x86.Deploy.0 = Release|x86
		{5BA3334D-9D06-463D-B815-C88901C992EE}.AppStore|Any CPU.ActiveCfg = Release|Any CPU
		{5BA3334D-9D06-463D-B815-C88901C992EE}.AppStore|Any CPU.Build.0 = Release|Any CPU
		{5BA3334D-9D06-463D-B815-C88901C992EE}.AppStore|Any CPU.Deploy.0 = Release|Any CPU
		{5BA3334D-9D06-463D-B815-C88901C992EE}.AppStore|ARM.ActiveCfg = Release|ARM
		{5BA3334D-9D06-463D-B815-C88901C992EE}.AppStore|ARM.Build.0 = Release|ARM
		{5BA3334D-9D06-463D-B815-C88901C992EE}.AppStore|ARM.Deploy.0 = Release|ARM
		{5BA3334D-9D06-463D-B815-C88901C992EE}.AppStore|iPhone.ActiveCfg = Release|Any CPU
		{5BA3334D-9D06-463D-B815-C88901C992EE}.AppStore|iPhone.Build.0 = Release|Any CPU
		{5BA3334D-9D06-463D-B815-C88901C992EE}.AppStore|iPhone.Deploy.0 = Release|Any CPU
		{5BA3334D-9D06-463D-B815-C88901C992EE}.AppStore|iPhoneSimulator.ActiveCfg = Release|Any CPU
		{5BA3334D-9D06-463D-B815-C88901C992EE}.AppStore|iPhoneSimulator.Build.0 = Release|Any CPU
		{5BA3334D-9D06-463D-B815-C88901C992EE}.AppStore|iPhoneSimulator.Deploy.0 = Release|Any CPU
		{5BA3334D-9D06-463D-B815-C88901C992EE}.AppStore|x64.ActiveCfg = Release|x64
		{5BA3334D-9D06-463D-B815-C88901C992EE}.AppStore|x64.Build.0 = Release|x64
		{5BA3334D-9D06-463D-B815-C88901C992EE}.AppStore|x64.Deploy.0 = Release|x64
		{5BA3334D-9D06-463D-B815-C88901C992EE}.AppStore|x86.ActiveCfg = Release|x86
		{5BA3334D-9D06-463D-B815-C88901C992EE}.AppStore|x86.Build.0 = Release|x86
		{5BA3334D-9D06-463D-B815-C88901C992EE}.AppStore|x86.Deploy.0 = Release|x86
		{5BA3334D-9D06-463D-B815-C88901C992EE}.Debug|Any CPU.ActiveCfg = Debug|Any CPU
		{5BA3334D-9D06-463D-B815-C88901C992EE}.Debug|Any CPU.Build.0 = Debug|Any CPU
		{5BA3334D-9D06-463D-B815-C88901C992EE}.Debug|Any CPU.Deploy.0 = Debug|Any CPU
		{5BA3334D-9D06-463D-B815-C88901C992EE}.Debug|ARM.ActiveCfg = Debug|ARM
		{5BA3334D-9D06-463D-B815-C88901C992EE}.Debug|ARM.Build.0 = Debug|ARM
		{5BA3334D-9D06-463D-B815-C88901C992EE}.Debug|ARM.Deploy.0 = Debug|ARM
		{5BA3334D-9D06-463D-B815-C88901C992EE}.Debug|iPhone.ActiveCfg = Debug|Any CPU
		{5BA3334D-9D06-463D-B815-C88901C992EE}.Debug|iPhone.Build.0 = Debug|Any CPU
		{5BA3334D-9D06-463D-B815-C88901C992EE}.Debug|iPhone.Deploy.0 = Debug|Any CPU
		{5BA3334D-9D06-463D-B815-C88901C992EE}.Debug|iPhoneSimulator.ActiveCfg = Debug|Any CPU
		{5BA3334D-9D06-463D-B815-C88901C992EE}.Debug|iPhoneSimulator.Build.0 = Debug|Any CPU
		{5BA3334D-9D06-463D-B815-C88901C992EE}.Debug|iPhoneSimulator.Deploy.0 = Debug|Any CPU
		{5BA3334D-9D06-463D-B815-C88901C992EE}.Debug|x64.ActiveCfg = Debug|x64
		{5BA3334D-9D06-463D-B815-C88901C992EE}.Debug|x64.Build.0 = Debug|x64
		{5BA3334D-9D06-463D-B815-C88901C992EE}.Debug|x64.Deploy.0 = Debug|x64
		{5BA3334D-9D06-463D-B815-C88901C992EE}.Debug|x86.ActiveCfg = Debug|x86
		{5BA3334D-9D06-463D-B815-C88901C992EE}.Debug|x86.Build.0 = Debug|x86
		{5BA3334D-9D06-463D-B815-C88901C992EE}.Debug|x86.Deploy.0 = Debug|x86
		{5BA3334D-9D06-463D-B815-C88901C992EE}.Release|Any CPU.ActiveCfg = Release|Any CPU
		{5BA3334D-9D06-463D-B815-C88901C992EE}.Release|Any CPU.Build.0 = Release|Any CPU
		{5BA3334D-9D06-463D-B815-C88901C992EE}.Release|Any CPU.Deploy.0 = Release|Any CPU
		{5BA3334D-9D06-463D-B815-C88901C992EE}.Release|ARM.ActiveCfg = Release|ARM
		{5BA3334D-9D06-463D-B815-C88901C992EE}.Release|ARM.Build.0 = Release|ARM
		{5BA3334D-9D06-463D-B815-C88901C992EE}.Release|ARM.Deploy.0 = Release|ARM
		{5BA3334D-9D06-463D-B815-C88901C992EE}.Release|iPhone.ActiveCfg = Release|Any CPU
		{5BA3334D-9D06-463D-B815-C88901C992EE}.Release|iPhone.Build.0 = Release|Any CPU
		{5BA3334D-9D06-463D-B815-C88901C992EE}.Release|iPhone.Deploy.0 = Release|Any CPU
		{5BA3334D-9D06-463D-B815-C88901C992EE}.Release|iPhoneSimulator.ActiveCfg = Release|Any CPU
		{5BA3334D-9D06-463D-B815-C88901C992EE}.Release|iPhoneSimulator.Build.0 = Release|Any CPU
		{5BA3334D-9D06-463D-B815-C88901C992EE}.Release|iPhoneSimulator.Deploy.0 = Release|Any CPU
		{5BA3334D-9D06-463D-B815-C88901C992EE}.Release|x64.ActiveCfg = Release|x64
		{5BA3334D-9D06-463D-B815-C88901C992EE}.Release|x64.Build.0 = Release|x64
		{5BA3334D-9D06-463D-B815-C88901C992EE}.Release|x64.Deploy.0 = Release|x64
		{5BA3334D-9D06-463D-B815-C88901C992EE}.Release|x86.ActiveCfg = Release|x86
		{5BA3334D-9D06-463D-B815-C88901C992EE}.Release|x86.Build.0 = Release|x86
		{5BA3334D-9D06-463D-B815-C88901C992EE}.Release|x86.Deploy.0 = Release|x86
	EndGlobalSection
	GlobalSection(SolutionProperties) = preSolution
		HideSolutionNode = FALSE
	EndGlobalSection
EndGlobal
